Microsoft Visual Studio Solution File, Format Version 11.00
# Visual Studio 2008

Project("{56B191FF-87E2-05B7-6E71-12804CB02A4B}") = "RoboFinder", "Assembly-CSharp-firstpass.csproj", "{8FFFB21E-593D-5511-7625-3DE8596D797B}"
EndProject
Project("{56B191FF-87E2-05B7-6E71-12804CB02A4B}") = "RoboFinder", "Assembly-CSharp.csproj", "{83525027-63F3-37DF-BBD2-514B1322273C}"
EndProject
Project("{56B191FF-87E2-05B7-6E71-12804CB02A4B}") = "RoboFinder", "Assembly-CSharp-Editor.csproj", "{55D00FE7-3164-F7E4-F49D-A6A69888FE33}"
EndProject
Global
	GlobalSection(SolutionConfigurationPlatforms) = preSolution
		Debug|Any CPU = Debug|Any CPU
		Release|Any CPU = Release|Any CPU
	EndGlobalSection
	GlobalSection(ProjectConfigurationPlatforms) = postSolution
		{8FFFB21E-593D-5511-7625-3DE8596D797B}.Debug|Any CPU.ActiveCfg = Debug|Any CPU
		{8FFFB21E-593D-5511-7625-3DE8596D797B}.Debug|Any CPU.Build.0 = Debug|Any CPU
		{8FFFB21E-593D-5511-7625-3DE8596D797B}.Release|Any CPU.ActiveCfg = Release|Any CPU
		{8FFFB21E-593D-5511-7625-3DE8596D797B}.Release|Any CPU.Build.0 = Release|Any CPU
		{83525027-63F3-37DF-BBD2-514B1322273C}.Debug|Any CPU.ActiveCfg = Debug|Any CPU
		{83525027-63F3-37DF-BBD2-514B1322273C}.Debug|Any CPU.Build.0 = Debug|Any CPU
		{83525027-63F3-37DF-BBD2-514B1322273C}.Release|Any CPU.ActiveCfg = Release|Any CPU
		{83525027-63F3-37DF-BBD2-514B1322273C}.Release|Any CPU.Build.0 = Release|Any CPU
		{55D00FE7-3164-F7E4-F49D-A6A69888FE33}.Debug|Any CPU.ActiveCfg = Debug|Any CPU
		{55D00FE7-3164-F7E4-F49D-A6A69888FE33}.Debug|Any CPU.Build.0 = Debug|Any CPU
		{55D00FE7-3164-F7E4-F49D-A6A69888FE33}.Release|Any CPU.ActiveCfg = Release|Any CPU
		{55D00FE7-3164-F7E4-F49D-A6A69888FE33}.Release|Any CPU.Build.0 = Release|Any CPU
	EndGlobalSection
	GlobalSection(SolutionProperties) = preSolution
		HideSolutionNode = FALSE
	EndGlobalSection
	GlobalSection(MonoDevelopProperties) = preSolution
		StartupItem = Assembly-CSharp.csproj
	EndGlobalSection
EndGlobal
